
Microsoft Visual Studio Solution File, Format Version 12.00
# Visual Studio Version 17
VisualStudioVersion = 17.3.32901.215
MinimumVisualStudioVersion = 10.0.40219.1
Project("{FAE04EC0-301F-11D3-BF4B-00C04F79EFBC}") = "CarRentalFinder.API", "CarRentalFinder.API\CarRentalFinder.API.csproj", "{7BA8E96C-8E0B-4D91-A01E-4B6B16544AFB}"
EndProject
Project("{FAE04EC0-301F-11D3-BF4B-00C04F79EFBC}") = "DataAccessLayer", "DataAccessLayer\DataAccessLayer.csproj", "{7FAF6FD5-1993-4C37-92DB-78AB2A6805BC}"
EndProject
Project("{FAE04EC0-301F-11D3-BF4B-00C04F79EFBC}") = "Repositories", "Repositories\Repositories.csproj", "{4D210BDA-B257-481E-B282-BB5E6AF2CF93}"
EndProject
Project("{FAE04EC0-301F-11D3-BF4B-00C04F79EFBC}") = "Services", "Services\Services.csproj", "{C7611E1C-1E03-44C2-87FB-9D245CE46A48}"
EndProject
Global
	GlobalSection(SolutionConfigurationPlatforms) = preSolution
		Debug|Any CPU = Debug|Any CPU
		Release|Any CPU = Release|Any CPU
	EndGlobalSection
	GlobalSection(ProjectConfigurationPlatforms) = postSolution
		{7BA8E96C-8E0B-4D91-A01E-4B6B16544AFB}.Debug|Any CPU.ActiveCfg = Debug|Any CPU
		{7BA8E96C-8E0B-4D91-A01E-4B6B16544AFB}.Debug|Any CPU.Build.0 = Debug|Any CPU
		{7BA8E96C-8E0B-4D91-A01E-4B6B16544AFB}.Release|Any CPU.ActiveCfg = Release|Any CPU
		{7BA8E96C-8E0B-4D91-A01E-4B6B16544AFB}.Release|Any CPU.Build.0 = Release|Any CPU
		{7FAF6FD5-1993-4C37-92DB-78AB2A6805BC}.Debug|Any CPU.ActiveCfg = Debug|Any CPU
		{7FAF6FD5-1993-4C37-92DB-78AB2A6805BC}.Debug|Any CPU.Build.0 = Debug|Any CPU
		{7FAF6FD5-1993-4C37-92DB-78AB2A6805BC}.Release|Any CPU.ActiveCfg = Release|Any CPU
		{7FAF6FD5-1993-4C37-92DB-78AB2A6805BC}.Release|Any CPU.Build.0 = Release|Any CPU
		{4D210BDA-B257-481E-B282-BB5E6AF2CF93}.Debug|Any CPU.ActiveCfg = Debug|Any CPU
		{4D210BDA-B257-481E-B282-BB5E6AF2CF93}.Debug|Any CPU.Build.0 = Debug|Any CPU
		{4D210BDA-B257-481E-B282-BB5E6AF2CF93}.Release|Any CPU.ActiveCfg = Release|Any CPU
		{4D210BDA-B257-481E-B282-BB5E6AF2CF93}.Release|Any CPU.Build.0 = Release|Any CPU
		{C7611E1C-1E03-44C2-87FB-9D245CE46A48}.Debug|Any CPU.ActiveCfg = Debug|Any CPU
		{C7611E1C-1E03-44C2-87FB-9D245CE46A48}.Debug|Any CPU.Build.0 = Debug|Any CPU
		{C7611E1C-1E03-44C2-87FB-9D245CE46A48}.Release|Any CPU.ActiveCfg = Release|Any CPU
		{C7611E1C-1E03-44C2-87FB-9D245CE46A48}.Release|Any CPU.Build.0 = Release|Any CPU
	EndGlobalSection
	GlobalSection(SolutionProperties) = preSolution
		HideSolutionNode = FALSE
	EndGlobalSection
	GlobalSection(ExtensibilityGlobals) = postSolution
		SolutionGuid = {983B844F-7743-4D15-8C9E-3D2240B5AC8E}
	EndGlobalSection
EndGlobal
